
Microsoft Visual Studio Solution File, Format Version 12.00
# Visual Studio Version 17
VisualStudioVersion = 17.4.33213.308
MinimumVisualStudioVersion = 10.0.40219.1
Project("{FAE04EC0-301F-11D3-BF4B-00C04F79EFBC}") = "ExampleMudBlazorProject", "ExampleMudBlazorProject\ExampleMudBlazorProject.csproj", "{2896D717-F75C-474B-A8BB-715255A5ABA2}"
EndProject
Global
	GlobalSection(SolutionConfigurationPlatforms) = preSolution
		Debug|Any CPU = Debug|Any CPU
		Release|Any CPU = Release|Any CPU
	EndGlobalSection
	GlobalSection(ProjectConfigurationPlatforms) = postSolution
		{2896D717-F75C-474B-A8BB-715255A5ABA2}.Debug|Any CPU.ActiveCfg = Debug|Any CPU
		{2896D717-F75C-474B-A8BB-715255A5ABA2}.Debug|Any CPU.Build.0 = Debug|Any CPU
		{2896D717-F75C-474B-A8BB-715255A5ABA2}.Release|Any CPU.ActiveCfg = Release|Any CPU
		{2896D717-F75C-474B-A8BB-715255A5ABA2}.Release|Any CPU.Build.0 = Release|Any CPU
	EndGlobalSection
	GlobalSection(SolutionProperties) = preSolution
		HideSolutionNode = FALSE
	EndGlobalSection
	GlobalSection(ExtensibilityGlobals) = postSolution
		SolutionGuid = {30FD4AE1-4E6A-4BC3-A478-5CCC2326C71F}
	EndGlobalSection
EndGlobal
